
Microsoft Visual Studio Solution File, Format Version 12.00
# Visual Studio Version 17
VisualStudioVersion = 17.0.31903.59
MinimumVisualStudioVersion = 10.0.40219.1
Project("{2150E333-8FDC-42A3-9474-1A3956D46DE8}") = "src", "src", "{827E0CD3-B72D-47B6-A68D-7590B98EB39B}"
EndProject
Project("{FAE04EC0-301F-11D3-BF4B-00C04F79EFBC}") = "Cashflow", "src\Cashflow\Cashflow.csproj", "{CE5B2D41-64AB-4169-BEF9-28C3F204CC87}"
EndProject
Project("{FAE04EC0-301F-11D3-BF4B-00C04F79EFBC}") = "Cashflow.Tests", "tests\Cashflow.Tests\Cashflow.Tests.csproj", "{43065E0F-B988-4C88-823A-7ADF1EDD5ABA}"
EndProject
Project("{FAE04EC0-301F-11D3-BF4B-00C04F79EFBC}") = "Cashflow.Infrastructure", "src\Cashflow.Infrastructure\Cashflow.Infrastructure.csproj", "{FD3AC864-C30F-480E-9D85-F74F6DD9F70F}"
EndProject
Project("{FAE04EC0-301F-11D3-BF4B-00C04F79EFBC}") = "Cashflow.Application", "src\Cashflow.Application\Cashflow.Application.csproj", "{A1B2C3D4-E5F6-7890-ABCD-EF1234567890}"
EndProject
Project("{FAE04EC0-301F-11D3-BF4B-00C04F79EFBC}") = "Cashflow.IntegrationTests", "tests\Cashflow.IntegrationTests\Cashflow.IntegrationTests.csproj", "{B8E5D7A3-9C4F-4B2E-A1D6-3F8E2C7B9A0D}"
EndProject
Project("{FAE04EC0-301F-11D3-BF4B-00C04F79EFBC}") = "Cashflow.WebApi", "src\Cashflow.WebApi\Cashflow.WebApi.csproj", "{EE739FA3-C42C-4148-87FC-845DC9EED3D0}"
EndProject
Global
	GlobalSection(SolutionConfigurationPlatforms) = preSolution
		Debug|Any CPU = Debug|Any CPU
		Debug|x64 = Debug|x64
		Debug|x86 = Debug|x86
		Release|Any CPU = Release|Any CPU
		Release|x64 = Release|x64
		Release|x86 = Release|x86
	EndGlobalSection
	GlobalSection(ProjectConfigurationPlatforms) = postSolution
		{CE5B2D41-64AB-4169-BEF9-28C3F204CC87}.Debug|Any CPU.ActiveCfg = Debug|Any CPU
		{CE5B2D41-64AB-4169-BEF9-28C3F204CC87}.Debug|Any CPU.Build.0 = Debug|Any CPU
		{CE5B2D41-64AB-4169-BEF9-28C3F204CC87}.Debug|x64.ActiveCfg = Debug|Any CPU
		{CE5B2D41-64AB-4169-BEF9-28C3F204CC87}.Debug|x64.Build.0 = Debug|Any CPU
		{CE5B2D41-64AB-4169-BEF9-28C3F204CC87}.Debug|x86.ActiveCfg = Debug|Any CPU
		{CE5B2D41-64AB-4169-BEF9-28C3F204CC87}.Debug|x86.Build.0 = Debug|Any CPU
		{CE5B2D41-64AB-4169-BEF9-28C3F204CC87}.Release|Any CPU.ActiveCfg = Release|Any CPU
		{CE5B2D41-64AB-4169-BEF9-28C3F204CC87}.Release|Any CPU.Build.0 = Release|Any CPU
		{CE5B2D41-64AB-4169-BEF9-28C3F204CC87}.Release|x64.ActiveCfg = Release|Any CPU
		{CE5B2D41-64AB-4169-BEF9-28C3F204CC87}.Release|x64.Build.0 = Release|Any CPU
		{CE5B2D41-64AB-4169-BEF9-28C3F204CC87}.Release|x86.ActiveCfg = Release|Any CPU
		{CE5B2D41-64AB-4169-BEF9-28C3F204CC87}.Release|x86.Build.0 = Release|Any CPU
		{43065E0F-B988-4C88-823A-7ADF1EDD5ABA}.Debug|Any CPU.ActiveCfg = Debug|Any CPU
		{43065E0F-B988-4C88-823A-7ADF1EDD5ABA}.Debug|Any CPU.Build.0 = Debug|Any CPU
		{43065E0F-B988-4C88-823A-7ADF1EDD5ABA}.Debug|x64.ActiveCfg = Debug|Any CPU
		{43065E0F-B988-4C88-823A-7ADF1EDD5ABA}.Debug|x64.Build.0 = Debug|Any CPU
		{43065E0F-B988-4C88-823A-7ADF1EDD5ABA}.Debug|x86.ActiveCfg = Debug|Any CPU
		{43065E0F-B988-4C88-823A-7ADF1EDD5ABA}.Debug|x86.Build.0 = Debug|Any CPU
		{43065E0F-B988-4C88-823A-7ADF1EDD5ABA}.Release|Any CPU.ActiveCfg = Release|Any CPU
		{43065E0F-B988-4C88-823A-7ADF1EDD5ABA}.Release|Any CPU.Build.0 = Release|Any CPU
		{43065E0F-B988-4C88-823A-7ADF1EDD5ABA}.Release|x64.ActiveCfg = Release|Any CPU
		{43065E0F-B988-4C88-823A-7ADF1EDD5ABA}.Release|x64.Build.0 = Release|Any CPU
		{43065E0F-B988-4C88-823A-7ADF1EDD5ABA}.Release|x86.ActiveCfg = Release|Any CPU
		{43065E0F-B988-4C88-823A-7ADF1EDD5ABA}.Release|x86.Build.0 = Release|Any CPU
		{FD3AC864-C30F-480E-9D85-F74F6DD9F70F}.Debug|Any CPU.ActiveCfg = Debug|Any CPU
		{FD3AC864-C30F-480E-9D85-F74F6DD9F70F}.Debug|Any CPU.Build.0 = Debug|Any CPU
		{FD3AC864-C30F-480E-9D85-F74F6DD9F70F}.Debug|x64.ActiveCfg = Debug|Any CPU
		{FD3AC864-C30F-480E-9D85-F74F6DD9F70F}.Debug|x64.Build.0 = Debug|Any CPU
		{FD3AC864-C30F-480E-9D85-F74F6DD9F70F}.Debug|x86.ActiveCfg = Debug|Any CPU
		{FD3AC864-C30F-480E-9D85-F74F6DD9F70F}.Debug|x86.Build.0 = Debug|Any CPU
		{FD3AC864-C30F-480E-9D85-F74F6DD9F70F}.Release|Any CPU.ActiveCfg = Release|Any CPU
		{FD3AC864-C30F-480E-9D85-F74F6DD9F70F}.Release|Any CPU.Build.0 = Release|Any CPU
		{FD3AC864-C30F-480E-9D85-F74F6DD9F70F}.Release|x64.ActiveCfg = Release|Any CPU
		{FD3AC864-C30F-480E-9D85-F74F6DD9F70F}.Release|x64.Build.0 = Release|Any CPU
		{FD3AC864-C30F-480E-9D85-F74F6DD9F70F}.Release|x86.ActiveCfg = Release|Any CPU
		{FD3AC864-C30F-480E-9D85-F74F6DD9F70F}.Release|x86.Build.0 = Release|Any CPU
		{A1B2C3D4-E5F6-7890-ABCD-EF1234567890}.Debug|Any CPU.ActiveCfg = Debug|Any CPU
		{A1B2C3D4-E5F6-7890-ABCD-EF1234567890}.Debug|Any CPU.Build.0 = Debug|Any CPU
		{A1B2C3D4-E5F6-7890-ABCD-EF1234567890}.Debug|x64.ActiveCfg = Debug|Any CPU
		{A1B2C3D4-E5F6-7890-ABCD-EF1234567890}.Debug|x64.Build.0 = Debug|Any CPU
		{A1B2C3D4-E5F6-7890-ABCD-EF1234567890}.Debug|x86.ActiveCfg = Debug|Any CPU
		{A1B2C3D4-E5F6-7890-ABCD-EF1234567890}.Debug|x86.Build.0 = Debug|Any CPU
		{A1B2C3D4-E5F6-7890-ABCD-EF1234567890}.Release|Any CPU.ActiveCfg = Release|Any CPU
		{A1B2C3D4-E5F6-7890-ABCD-EF1234567890}.Release|Any CPU.Build.0 = Release|Any CPU
		{A1B2C3D4-E5F6-7890-ABCD-EF1234567890}.Release|x64.ActiveCfg = Release|Any CPU
		{A1B2C3D4-E5F6-7890-ABCD-EF1234567890}.Release|x64.Build.0 = Release|Any CPU
		{A1B2C3D4-E5F6-7890-ABCD-EF1234567890}.Release|x86.ActiveCfg = Release|Any CPU
		{A1B2C3D4-E5F6-7890-ABCD-EF1234567890}.Release|x86.Build.0 = Release|Any CPU
		{B8E5D7A3-9C4F-4B2E-A1D6-3F8E2C7B9A0D}.Debug|Any CPU.ActiveCfg = Debug|Any CPU
		{B8E5D7A3-9C4F-4B2E-A1D6-3F8E2C7B9A0D}.Debug|Any CPU.Build.0 = Debug|Any CPU
		{B8E5D7A3-9C4F-4B2E-A1D6-3F8E2C7B9A0D}.Debug|x64.ActiveCfg = Debug|Any CPU
		{B8E5D7A3-9C4F-4B2E-A1D6-3F8E2C7B9A0D}.Debug|x64.Build.0 = Debug|Any CPU
		{B8E5D7A3-9C4F-4B2E-A1D6-3F8E2C7B9A0D}.Debug|x86.ActiveCfg = Debug|Any CPU
		{B8E5D7A3-9C4F-4B2E-A1D6-3F8E2C7B9A0D}.Debug|x86.Build.0 = Debug|Any CPU
		{B8E5D7A3-9C4F-4B2E-A1D6-3F8E2C7B9A0D}.Release|Any CPU.ActiveCfg = Release|Any CPU
		{B8E5D7A3-9C4F-4B2E-A1D6-3F8E2C7B9A0D}.Release|Any CPU.Build.0 = Release|Any CPU
		{B8E5D7A3-9C4F-4B2E-A1D6-3F8E2C7B9A0D}.Release|x64.ActiveCfg = Release|Any CPU
		{B8E5D7A3-9C4F-4B2E-A1D6-3F8E2C7B9A0D}.Release|x64.Build.0 = Release|Any CPU
		{B8E5D7A3-9C4F-4B2E-A1D6-3F8E2C7B9A0D}.Release|x86.ActiveCfg = Release|Any CPU
		{B8E5D7A3-9C4F-4B2E-A1D6-3F8E2C7B9A0D}.Release|x86.Build.0 = Release|Any CPU
		{EE739FA3-C42C-4148-87FC-845DC9EED3D0}.Debug|Any CPU.ActiveCfg = Debug|Any CPU
		{EE739FA3-C42C-4148-87FC-845DC9EED3D0}.Debug|Any CPU.Build.0 = Debug|Any CPU
		{EE739FA3-C42C-4148-87FC-845DC9EED3D0}.Debug|x64.ActiveCfg = Debug|Any CPU
		{EE739FA3-C42C-4148-87FC-845DC9EED3D0}.Debug|x64.Build.0 = Debug|Any CPU
		{EE739FA3-C42C-4148-87FC-845DC9EED3D0}.Debug|x86.ActiveCfg = Debug|Any CPU
		{EE739FA3-C42C-4148-87FC-845DC9EED3D0}.Debug|x86.Build.0 = Debug|Any CPU
		{EE739FA3-C42C-4148-87FC-845DC9EED3D0}.Release|Any CPU.ActiveCfg = Release|Any CPU
		{EE739FA3-C42C-4148-87FC-845DC9EED3D0}.Release|Any CPU.Build.0 = Release|Any CPU
		{EE739FA3-C42C-4148-87FC-845DC9EED3D0}.Release|x64.ActiveCfg = Release|Any CPU
		{EE739FA3-C42C-4148-87FC-845DC9EED3D0}.Release|x64.Build.0 = Release|Any CPU
		{EE739FA3-C42C-4148-87FC-845DC9EED3D0}.Release|x86.ActiveCfg = Release|Any CPU
		{EE739FA3-C42C-4148-87FC-845DC9EED3D0}.Release|x86.Build.0 = Release|Any CPU
	EndGlobalSection
	GlobalSection(SolutionProperties) = preSolution
		HideSolutionNode = FALSE
	EndGlobalSection
	GlobalSection(NestedProjects) = preSolution
		{CE5B2D41-64AB-4169-BEF9-28C3F204CC87} = {827E0CD3-B72D-47B6-A68D-7590B98EB39B}
		{43065E0F-B988-4C88-823A-7ADF1EDD5ABA} = {827E0CD3-B72D-47B6-A68D-7590B98EB39B}
		{FD3AC864-C30F-480E-9D85-F74F6DD9F70F} = {827E0CD3-B72D-47B6-A68D-7590B98EB39B}
		{A1B2C3D4-E5F6-7890-ABCD-EF1234567890} = {827E0CD3-B72D-47B6-A68D-7590B98EB39B}
		{B8E5D7A3-9C4F-4B2E-A1D6-3F8E2C7B9A0D} = {827E0CD3-B72D-47B6-A68D-7590B98EB39B}
		{EE739FA3-C42C-4148-87FC-845DC9EED3D0} = {827E0CD3-B72D-47B6-A68D-7590B98EB39B}
	EndGlobalSection
EndGlobal
